{
  "name": "rmx78",
  "version": "0.0.1",
  "lockfileVersion": 1,
  "requires": true,
  "dependencies": {
    "cross-fetch": {
      "version": "2.2.2",
      "resolved": "https://registry.npmjs.org/cross-fetch/-/cross-fetch-2.2.2.tgz",
      "integrity": "sha1-pH/09/xxLauo9qaVoRyUhEDUVyM=",
      "requires": {
        "node-fetch": "2.1.2",
        "whatwg-fetch": "2.0.4"
      }
    },
    "html-entities": {
      "version": "1.2.1",
      "resolved": "https://registry.npmjs.org/html-entities/-/html-entities-1.2.1.tgz",
      "integrity": "sha1-DfKTUfByEWNRXfueVUPl9u7VFi8="
    },
    "iso8601-duration": {
      "version": "1.1.6",
      "resolved": "https://registry.npmjs.org/iso8601-duration/-/iso8601-duration-1.1.6.tgz",
      "integrity": "sha512-wyVl4tmjZyaoh9GeohL3Dh4DKwr8CgiOL8eFRyRJyk8nopHOhZ0Ql76EwOUvx3OGQeI08xGj8+4AJgyXYs3iJw=="
    },
    "m3u8stream": {
      "version": "0.4.2",
      "resolved": "https://registry.npmjs.org/m3u8stream/-/m3u8stream-0.4.2.tgz",
      "integrity": "sha512-VZeobA83iQdd2TY12K2DNLuUmE1XNjN660SYU9s6A4kP7ZhFEp/bQPUpOWU2EbkFYwsonyaFT+RxLDr1OhPTRA==",
      "requires": {
        "miniget": "^1.4.0",
        "sax": "^1.2.4"
      }
    },
    "miniget": {
      "version": "1.5.0",
      "resolved": "https://registry.npmjs.org/miniget/-/miniget-1.5.0.tgz",
      "integrity": "sha512-RbRCj2m8Q/arS1nExuMB8qO4QavCpvfetQR+HVCeHGiFJGOryPn8u0z4WrIx9AAIDYFDVcFhQsRYvSY+UA5HJQ=="
    },
    "node": {
      "version": "10.12.0",
      "resolved": "https://registry.npmjs.org/node/-/node-10.12.0.tgz",
      "integrity": "sha512-PJy1yLeYS9bYoYora/9jIQSUBCkw1XCS3AfMIYCJJVKq2xyLmDLyHv1rYDwNxXdkjoJusPQoW65H1gvrxQNq+Q==",
      "requires": {
        "node-bin-setup": "^1.0.0"
      }
    },
    "node-bin-setup": {
      "version": "1.0.6",
      "resolved": "https://registry.npmjs.org/node-bin-setup/-/node-bin-setup-1.0.6.tgz",
      "integrity": "sha512-uPIxXNis1CRbv1DwqAxkgBk5NFV3s7cMN/Gf556jSw6jBvV7ca4F9lRL/8cALcZecRibeqU+5dFYqFFmzv5a0Q=="
    },
    "node-fetch": {
      "version": "2.1.2",
      "resolved": "http://registry.npmjs.org/node-fetch/-/node-fetch-2.1.2.tgz",
      "integrity": "sha1-q4hOjn5X44qUR1POxwb3iNF2i7U="
    },
    "sax": {
      "version": "1.2.4",
      "resolved": "https://registry.npmjs.org/sax/-/sax-1.2.4.tgz",
      "integrity": "sha512-NqVDv9TpANUjFm0N8uM5GxL36UgKi9/atZw+x7YFnQ8ckwFGKrl4xX4yWtrey3UJm5nP1kUbnYgLopqWNSRhWw=="
    },
    "simple-youtube-api": {
      "version": "5.0.2",
      "resolved": "https://registry.npmjs.org/simple-youtube-api/-/simple-youtube-api-5.0.2.tgz",
      "integrity": "sha512-MtFToFLoX4eWNVUcqhbJ3J7SN8tBNaHRAHC4RKzSCW7cEVVZygNHa3nhCEWVINBoI1fmxjEUW7zwdlChYNuoZg==",
      "requires": {
        "cross-fetch": "^2.1.1",
        "iso8601-duration": "^1.0.0"
      }
    },
    "whatwg-fetch": {
      "version": "2.0.4",
      "resolved": "http://registry.npmjs.org/whatwg-fetch/-/whatwg-fetch-2.0.4.tgz",
      "integrity": "sha512-dcQ1GWpOD/eEQ97k66aiEVpNnapVj90/+R+SXTPYGHpYBBypfKJEQjLrvMZ7YXbKm21gXd4NcuxUTjiv1YtLng=="
    },
    "ytdl-core": {
      "version": "0.26.2",
      "resolved": "https://registry.npmjs.org/ytdl-core/-/ytdl-core-0.26.2.tgz",
      "integrity": "sha512-lS3UmErpBO9sdISedXy2NPsomxPEHlugWUhBQW+6ClHtd1VygNp5UWsU48xg9d0hcq+SJbORd70LOe7KTCjryg==",
      "requires": {
        "html-entities": "^1.1.3",
        "m3u8stream": "^0.4.2",
        "miniget": "^1.4.0",
        "sax": "^1.1.3"
      }
    }
  }
}
